
Microsoft Visual Studio Solution File, Format Version 12.00
# Visual Studio 14
VisualStudioVersion = 14.0.25420.1
MinimumVisualStudioVersion = 10.0.40219.1
Project("{FAE04EC0-301F-11D3-BF4B-00C04F79EFBC}") = "EmoticonsConverter", "EmoticonsConverter\EmoticonsConverter.csproj", "{1399A4C0-EDBE-4A28-9467-CE2E04CD7235}"
EndProject
Project("{FAE04EC0-301F-11D3-BF4B-00C04F79EFBC}") = "TestExtention", "TestExtention\TestExtention.csproj", "{8F13F8D4-E334-4D67-8AA9-F3D41DDD14C4}"
EndProject
Global
	GlobalSection(SolutionConfigurationPlatforms) = preSolution
		Debug|Any CPU = Debug|Any CPU
		Release|Any CPU = Release|Any CPU
	EndGlobalSection
	GlobalSection(ProjectConfigurationPlatforms) = postSolution
		{1399A4C0-EDBE-4A28-9467-CE2E04CD7235}.Debug|Any CPU.ActiveCfg = Debug|Any CPU
		{1399A4C0-EDBE-4A28-9467-CE2E04CD7235}.Debug|Any CPU.Build.0 = Debug|Any CPU
		{1399A4C0-EDBE-4A28-9467-CE2E04CD7235}.Release|Any CPU.ActiveCfg = Release|Any CPU
		{1399A4C0-EDBE-4A28-9467-CE2E04CD7235}.Release|Any CPU.Build.0 = Release|Any CPU
		{8F13F8D4-E334-4D67-8AA9-F3D41DDD14C4}.Debug|Any CPU.ActiveCfg = Debug|Any CPU
		{8F13F8D4-E334-4D67-8AA9-F3D41DDD14C4}.Debug|Any CPU.Build.0 = Debug|Any CPU
		{8F13F8D4-E334-4D67-8AA9-F3D41DDD14C4}.Release|Any CPU.ActiveCfg = Release|Any CPU
		{8F13F8D4-E334-4D67-8AA9-F3D41DDD14C4}.Release|Any CPU.Build.0 = Release|Any CPU
	EndGlobalSection
	GlobalSection(SolutionProperties) = preSolution
		HideSolutionNode = FALSE
	EndGlobalSection
EndGlobal
